
Microsoft Visual Studio Solution File, Format Version 12.00
# Visual Studio Version 17
VisualStudioVersion = 17.10.35027.167
MinimumVisualStudioVersion = 10.0.40219.1
Project("{FAE04EC0-301F-11D3-BF4B-00C04F79EFBC}") = "Perhotelan", "Perhotelan\Perhotelan.csproj", "{81E12837-F814-4098-B0EE-1569B66854EB}"
EndProject
Global
	GlobalSection(SolutionConfigurationPlatforms) = preSolution
		Debug|Any CPU = Debug|Any CPU
		Release|Any CPU = Release|Any CPU
	EndGlobalSection
	GlobalSection(ProjectConfigurationPlatforms) = postSolution
		{81E12837-F814-4098-B0EE-1569B66854EB}.Debug|Any CPU.ActiveCfg = Debug|Any CPU
		{81E12837-F814-4098-B0EE-1569B66854EB}.Debug|Any CPU.Build.0 = Debug|Any CPU
		{81E12837-F814-4098-B0EE-1569B66854EB}.Release|Any CPU.ActiveCfg = Release|Any CPU
		{81E12837-F814-4098-B0EE-1569B66854EB}.Release|Any CPU.Build.0 = Release|Any CPU
	EndGlobalSection
	GlobalSection(SolutionProperties) = preSolution
		HideSolutionNode = FALSE
	EndGlobalSection
	GlobalSection(ExtensibilityGlobals) = postSolution
		SolutionGuid = {76BB57E6-40B6-43B3-8580-397F09BAEF1B}
	EndGlobalSection
EndGlobal
